
Microsoft Visual Studio Solution File, Format Version 12.00
Project("{FAE04EC0-301F-11D3-BF4B-00C04F79EFBC}") = "BookStore.Api", "BookStore.Api\BookStore.Api.csproj", "{A7430978-C69E-4D10-A210-E3E583E2036B}"
EndProject
Project("{FAE04EC0-301F-11D3-BF4B-00C04F79EFBC}") = "BookStore.Domain", "BookStore.Domain\BookStore.Domain.csproj", "{520321DA-129E-47A0-8E21-F74BEA59952A}"
EndProject
Project("{FAE04EC0-301F-11D3-BF4B-00C04F79EFBC}") = "BookStore.Application", "BookStore.Application\BookStore.Application.csproj", "{983A27D4-EB59-4DF9-8A40-AFA1D08DB3D5}"
EndProject
Project("{FAE04EC0-301F-11D3-BF4B-00C04F79EFBC}") = "BookStore.Infrastructure", "BookStore.Infrastructure\BookStore.Infrastructure.csproj", "{AF17A317-A3FF-4272-8105-D724ECA46044}"
EndProject
Global
	GlobalSection(SolutionConfigurationPlatforms) = preSolution
		Debug|Any CPU = Debug|Any CPU
		Release|Any CPU = Release|Any CPU
	EndGlobalSection
	GlobalSection(ProjectConfigurationPlatforms) = postSolution
		{A7430978-C69E-4D10-A210-E3E583E2036B}.Debug|Any CPU.ActiveCfg = Debug|Any CPU
		{A7430978-C69E-4D10-A210-E3E583E2036B}.Debug|Any CPU.Build.0 = Debug|Any CPU
		{A7430978-C69E-4D10-A210-E3E583E2036B}.Release|Any CPU.ActiveCfg = Release|Any CPU
		{A7430978-C69E-4D10-A210-E3E583E2036B}.Release|Any CPU.Build.0 = Release|Any CPU
		{520321DA-129E-47A0-8E21-F74BEA59952A}.Debug|Any CPU.ActiveCfg = Debug|Any CPU
		{520321DA-129E-47A0-8E21-F74BEA59952A}.Debug|Any CPU.Build.0 = Debug|Any CPU
		{520321DA-129E-47A0-8E21-F74BEA59952A}.Release|Any CPU.ActiveCfg = Release|Any CPU
		{520321DA-129E-47A0-8E21-F74BEA59952A}.Release|Any CPU.Build.0 = Release|Any CPU
		{983A27D4-EB59-4DF9-8A40-AFA1D08DB3D5}.Debug|Any CPU.ActiveCfg = Debug|Any CPU
		{983A27D4-EB59-4DF9-8A40-AFA1D08DB3D5}.Debug|Any CPU.Build.0 = Debug|Any CPU
		{983A27D4-EB59-4DF9-8A40-AFA1D08DB3D5}.Release|Any CPU.ActiveCfg = Release|Any CPU
		{983A27D4-EB59-4DF9-8A40-AFA1D08DB3D5}.Release|Any CPU.Build.0 = Release|Any CPU
		{AF17A317-A3FF-4272-8105-D724ECA46044}.Debug|Any CPU.ActiveCfg = Debug|Any CPU
		{AF17A317-A3FF-4272-8105-D724ECA46044}.Debug|Any CPU.Build.0 = Debug|Any CPU
		{AF17A317-A3FF-4272-8105-D724ECA46044}.Release|Any CPU.ActiveCfg = Release|Any CPU
		{AF17A317-A3FF-4272-8105-D724ECA46044}.Release|Any CPU.Build.0 = Release|Any CPU
	EndGlobalSection
EndGlobal
